
Microsoft Visual Studio Solution File, Format Version 12.00
# Visual Studio Version 17
VisualStudioVersion = 17.3.32819.101
MinimumVisualStudioVersion = 10.0.40219.1
Project("{FAE04EC0-301F-11D3-BF4B-00C04F79EFBC}") = "CD.App", "src\CD.App\CD.App.csproj", "{B6BB47CB-FB63-47AC-A5D9-7275376E099C}"
EndProject
Project("{FAE04EC0-301F-11D3-BF4B-00C04F79EFBC}") = "CD.Business", "src\CD.Business\CD.Business.csproj", "{DD3D6C42-E875-45D2-8A46-34425A303F68}"
EndProject
Global
	GlobalSection(SolutionConfigurationPlatforms) = preSolution
		Debug|Any CPU = Debug|Any CPU
		Release|Any CPU = Release|Any CPU
	EndGlobalSection
	GlobalSection(ProjectConfigurationPlatforms) = postSolution
		{B6BB47CB-FB63-47AC-A5D9-7275376E099C}.Debug|Any CPU.ActiveCfg = Debug|Any CPU
		{B6BB47CB-FB63-47AC-A5D9-7275376E099C}.Debug|Any CPU.Build.0 = Debug|Any CPU
		{B6BB47CB-FB63-47AC-A5D9-7275376E099C}.Release|Any CPU.ActiveCfg = Release|Any CPU
		{B6BB47CB-FB63-47AC-A5D9-7275376E099C}.Release|Any CPU.Build.0 = Release|Any CPU
		{DD3D6C42-E875-45D2-8A46-34425A303F68}.Debug|Any CPU.ActiveCfg = Debug|Any CPU
		{DD3D6C42-E875-45D2-8A46-34425A303F68}.Debug|Any CPU.Build.0 = Debug|Any CPU
		{DD3D6C42-E875-45D2-8A46-34425A303F68}.Release|Any CPU.ActiveCfg = Release|Any CPU
		{DD3D6C42-E875-45D2-8A46-34425A303F68}.Release|Any CPU.Build.0 = Release|Any CPU
	EndGlobalSection
	GlobalSection(SolutionProperties) = preSolution
		HideSolutionNode = FALSE
	EndGlobalSection
	GlobalSection(ExtensibilityGlobals) = postSolution
		SolutionGuid = {13044720-4E21-4353-8DA2-FE1B5BE2C7B7}
	EndGlobalSection
EndGlobal
